
Microsoft Visual Studio Solution File, Format Version 12.00
# Visual Studio 15
VisualStudioVersion = 15.0.28307.1525
MinimumVisualStudioVersion = 10.0.40219.1
Project("{FAE04EC0-301F-11D3-BF4B-00C04F79EFBC}") = "Win02", "Win02\Win02.csproj", "{D0F4C353-6B44-47C8-A2C4-7821BACFEB95}"
EndProject
Global
	GlobalSection(SolutionConfigurationPlatforms) = preSolution
		Debug|Any CPU = Debug|Any CPU
		Release|Any CPU = Release|Any CPU
	EndGlobalSection
	GlobalSection(ProjectConfigurationPlatforms) = postSolution
		{D0F4C353-6B44-47C8-A2C4-7821BACFEB95}.Debug|Any CPU.ActiveCfg = Debug|Any CPU
		{D0F4C353-6B44-47C8-A2C4-7821BACFEB95}.Debug|Any CPU.Build.0 = Debug|Any CPU
		{D0F4C353-6B44-47C8-A2C4-7821BACFEB95}.Release|Any CPU.ActiveCfg = Release|Any CPU
		{D0F4C353-6B44-47C8-A2C4-7821BACFEB95}.Release|Any CPU.Build.0 = Release|Any CPU
	EndGlobalSection
	GlobalSection(SolutionProperties) = preSolution
		HideSolutionNode = FALSE
	EndGlobalSection
	GlobalSection(ExtensibilityGlobals) = postSolution
		SolutionGuid = {09FEA6CB-BCE7-45E5-AACF-6CB8F0D31FCE}
	EndGlobalSection
EndGlobal
